// !$*UTF8*$!
{
	archiveVersion = 1;
	classes = {
	};
	objectVersion = 63;
	objects = {

/* Begin PBXBuildFile section */
		8FC5D25C3E8D3C62DB97FDF1 /* Pods_Trooper_currency_converter.framework in Frameworks */ = {isa = PBXBuildFile; fileRef = 4018A328C601972D5CA99C7E /* Pods_Trooper_currency_converter.framework */; };
		B41E40F02E00A89600B9225C /* CoreDataManager.swift in Sources */ = {isa = PBXBuildFile; fileRef = B41E40EF2E00A88700B9225C /* CoreDataManager.swift */; };
		B41E40F32E00BED500B9225C /* TextFiieldEx.swift in Sources */ = {isa = PBXBuildFile; fileRef = B41E40F22E00BEC900B9225C /* TextFiieldEx.swift */; };
		B4AB7A502DFE037D00CCD25A /* APIRequest.swift in Sources */ = {isa = PBXBuildFile; fileRef = B4AB7A4F2DFE037500CCD25A /* APIRequest.swift */; };
		B4AB7A522DFE0D5900CCD25A /* APIClient.swift in Sources */ = {isa = PBXBuildFile; fileRef = B4AB7A512DFE0D5300CCD25A /* APIClient.swift */; };
		B4B5C5562DFDF7D70002D6D1 /* Trooper_currency_converter.xcdatamodeld in Sources */ = {isa = PBXBuildFile; fileRef = B4B5C5462DFDF7D70002D6D1 /* Trooper_currency_converter.xcdatamodeld */; };
		B4B5C5572DFDF7D70002D6D1 /* HomeViewController.swift in Sources */ = {isa = PBXBuildFile; fileRef = B4B5C54D2DFDF7D70002D6D1 /* HomeViewController.swift */; };
		B4B5C5582DFDF7D70002D6D1 /* AppDelegate.swift in Sources */ = {isa = PBXBuildFile; fileRef = B4B5C5502DFDF7D70002D6D1 /* AppDelegate.swift */; };
		B4B5C5592DFDF7D70002D6D1 /* SceneDelegate.swift in Sources */ = {isa = PBXBuildFile; fileRef = B4B5C5532DFDF7D70002D6D1 /* SceneDelegate.swift */; };
		B4B5C55A2DFDF7D70002D6D1 /* LaunchScreen.storyboard in Resources */ = {isa = PBXBuildFile; fileRef = B4B5C5492DFDF7D70002D6D1 /* LaunchScreen.storyboard */; };
		B4B5C55B2DFDF7D70002D6D1 /* Main.storyboard in Resources */ = {isa = PBXBuildFile; fileRef = B4B5C54B2DFDF7D70002D6D1 /* Main.storyboard */; };
		B4B5C55C2DFDF7D70002D6D1 /* Assets.xcassets in Resources */ = {isa = PBXBuildFile; fileRef = B4B5C5512DFDF7D70002D6D1 /* Assets.xcassets */; };
		B4D7348B2DFF2AFB007A4062 /* AppConstant.swift in Sources */ = {isa = PBXBuildFile; fileRef = B4D7348A2DFF2ACF007A4062 /* AppConstant.swift */; };
		B4D7348D2DFF305A007A4062 /* LatestRateModel.swift in Sources */ = {isa = PBXBuildFile; fileRef = B4D7348C2DFF3049007A4062 /* LatestRateModel.swift */; };
		B4D7348F2DFF3485007A4062 /* APIEndpoint.swift in Sources */ = {isa = PBXBuildFile; fileRef = B4D7348E2DFF3479007A4062 /* APIEndpoint.swift */; };
		B4D734912DFF34B2007A4062 /* HTTPMethod.swift in Sources */ = {isa = PBXBuildFile; fileRef = B4D734902DFF34AB007A4062 /* HTTPMethod.swift */; };
		B4D734932DFF3635007A4062 /* NetworkService.swift in Sources */ = {isa = PBXBuildFile; fileRef = B4D734922DFF362A007A4062 /* NetworkService.swift */; };
		B4E99A502E00121D00FE579B /* LatestRatesService.swift in Sources */ = {isa = PBXBuildFile; fileRef = B4E99A4F2E00120A00FE579B /* LatestRatesService.swift */; };
		B4E99A522E0014ED00FE579B /* LatestRatesViewModel.swift in Sources */ = {isa = PBXBuildFile; fileRef = B4E99A512E0014CF00FE579B /* LatestRatesViewModel.swift */; };
		B4E99A542E004A4000FE579B /* SelectionTableViewController.swift in Sources */ = {isa = PBXBuildFile; fileRef = B4E99A532E004A4000FE579B /* SelectionTableViewController.swift */; };
		B4E99A562E00528100FE579B /* StoryBoardManeger.swift in Sources */ = {isa = PBXBuildFile; fileRef = B4E99A552E00527800FE579B /* StoryBoardManeger.swift */; };
/* End PBXBuildFile section */

/* Begin PBXFileReference section */
		4018A328C601972D5CA99C7E /* Pods_Trooper_currency_converter.framework */ = {isa = PBXFileReference; explicitFileType = wrapper.framework; includeInIndex = 0; path = Pods_Trooper_currency_converter.framework; sourceTree = BUILT_PRODUCTS_DIR; };
		5A773F441B0144BF4713FC1F /* Pods-Trooper-currency-converter.debug.xcconfig */ = {isa = PBXFileReference; includeInIndex = 1; lastKnownFileType = text.xcconfig; name = "Pods-Trooper-currency-converter.debug.xcconfig"; path = "Target Support Files/Pods-Trooper-currency-converter/Pods-Trooper-currency-converter.debug.xcconfig"; sourceTree = "<group>"; };
		B41E40EF2E00A88700B9225C /* CoreDataManager.swift */ = {isa = PBXFileReference; lastKnownFileType = sourcecode.swift; path = CoreDataManager.swift; sourceTree = "<group>"; };
		B41E40F22E00BEC900B9225C /* TextFiieldEx.swift */ = {isa = PBXFileReference; lastKnownFileType = sourcecode.swift; path = TextFiieldEx.swift; sourceTree = "<group>"; };
		B4AB7A4F2DFE037500CCD25A /* APIRequest.swift */ = {isa = PBXFileReference; lastKnownFileType = sourcecode.swift; path = APIRequest.swift; sourceTree = "<group>"; };
		B4AB7A512DFE0D5300CCD25A /* APIClient.swift */ = {isa = PBXFileReference; lastKnownFileType = sourcecode.swift; path = APIClient.swift; sourceTree = "<group>"; };
		B4B5C5482DFDF7D70002D6D1 /* Base */ = {isa = PBXFileReference; lastKnownFileType = file.storyboard; name = Base; path = Base.lproj/LaunchScreen.storyboard; sourceTree = "<group>"; };
		B4B5C54A2DFDF7D70002D6D1 /* Base */ = {isa = PBXFileReference; lastKnownFileType = file.storyboard; name = Base; path = Base.lproj/Main.storyboard; sourceTree = "<group>"; };
		B4B5C54D2DFDF7D70002D6D1 /* HomeViewController.swift */ = {isa = PBXFileReference; lastKnownFileType = sourcecode.swift; path = HomeViewController.swift; sourceTree = "<group>"; };
		B4B5C5502DFDF7D70002D6D1 /* AppDelegate.swift */ = {isa = PBXFileReference; lastKnownFileType = sourcecode.swift; path = AppDelegate.swift; sourceTree = "<group>"; };
		B4B5C5512DFDF7D70002D6D1 /* Assets.xcassets */ = {isa = PBXFileReference; lastKnownFileType = folder.assetcatalog; path = Assets.xcassets; sourceTree = "<group>"; };
		B4B5C5522DFDF7D70002D6D1 /* Info.plist */ = {isa = PBXFileReference; lastKnownFileType = text.plist.xml; path = Info.plist; sourceTree = "<group>"; };
		B4B5C5532DFDF7D70002D6D1 /* SceneDelegate.swift */ = {isa = PBXFileReference; lastKnownFileType = sourcecode.swift; path = SceneDelegate.swift; sourceTree = "<group>"; };
		B4B5C5552DFDF7D70002D6D1 /* Trooper_currency_converter.xcdatamodel */ = {isa = PBXFileReference; lastKnownFileType = wrapper.xcdatamodel; path = Trooper_currency_converter.xcdatamodel; sourceTree = "<group>"; };
		B4D7348A2DFF2ACF007A4062 /* AppConstant.swift */ = {isa = PBXFileReference; lastKnownFileType = sourcecode.swift; path = AppConstant.swift; sourceTree = "<group>"; };
		B4D7348C2DFF3049007A4062 /* LatestRateModel.swift */ = {isa = PBXFileReference; lastKnownFileType = sourcecode.swift; path = LatestRateModel.swift; sourceTree = "<group>"; };
		B4D7348E2DFF3479007A4062 /* APIEndpoint.swift */ = {isa = PBXFileReference; lastKnownFileType = sourcecode.swift; path = APIEndpoint.swift; sourceTree = "<group>"; };
		B4D734902DFF34AB007A4062 /* HTTPMethod.swift */ = {isa = PBXFileReference; lastKnownFileType = sourcecode.swift; path = HTTPMethod.swift; sourceTree = "<group>"; };
		B4D734922DFF362A007A4062 /* NetworkService.swift */ = {isa = PBXFileReference; lastKnownFileType = sourcecode.swift; path = NetworkService.swift; sourceTree = "<group>"; };
		B4E96B2C2DFC9E40003F5FD7 /* Trooper-currency-converter.app */ = {isa = PBXFileReference; explicitFileType = wrapper.application; includeInIndex = 0; path = "Trooper-currency-converter.app"; sourceTree = BUILT_PRODUCTS_DIR; };
		B4E99A4F2E00120A00FE579B /* LatestRatesService.swift */ = {isa = PBXFileReference; lastKnownFileType = sourcecode.swift; path = LatestRatesService.swift; sourceTree = "<group>"; };
		B4E99A512E0014CF00FE579B /* LatestRatesViewModel.swift */ = {isa = PBXFileReference; lastKnownFileType = sourcecode.swift; path = LatestRatesViewModel.swift; sourceTree = "<group>"; };
		B4E99A532E004A4000FE579B /* SelectionTableViewController.swift */ = {isa = PBXFileReference; lastKnownFileType = sourcecode.swift; path = SelectionTableViewController.swift; sourceTree = "<group>"; };
		B4E99A552E00527800FE579B /* StoryBoardManeger.swift */ = {isa = PBXFileReference; lastKnownFileType = sourcecode.swift; path = StoryBoardManeger.swift; sourceTree = "<group>"; };
		D39F551089A6DDB4FC1073FF /* Pods-Trooper-currency-converter.release.xcconfig */ = {isa = PBXFileReference; includeInIndex = 1; lastKnownFileType = text.xcconfig; name = "Pods-Trooper-currency-converter.release.xcconfig"; path = "Target Support Files/Pods-Trooper-currency-converter/Pods-Trooper-currency-converter.release.xcconfig"; sourceTree = "<group>"; };
/* End PBXFileReference section */

/* Begin PBXFrameworksBuildPhase section */
		B4E96B292DFC9E40003F5FD7 /* Frameworks */ = {
			isa = PBXFrameworksBuildPhase;
			buildActionMask = 2147483647;
			files = (
				8FC5D25C3E8D3C62DB97FDF1 /* Pods_Trooper_currency_converter.framework in Frameworks */,
			);
			runOnlyForDeploymentPostprocessing = 0;
		};
/* End PBXFrameworksBuildPhase section */

/* Begin PBXGroup section */
		7D7531611FDFA2837A0622AC /* Frameworks */ = {
			isa = PBXGroup;
			children = (
				4018A328C601972D5CA99C7E /* Pods_Trooper_currency_converter.framework */,
			);
			name = Frameworks;
			sourceTree = "<group>";
		};
		B41E40F12E00BEB600B9225C /* Helpers */ = {
			isa = PBXGroup;
			children = (
				B41E40F22E00BEC900B9225C /* TextFiieldEx.swift */,
			);
			path = Helpers;
			sourceTree = "<group>";
		};
		B4B5C5442DFDF7D70002D6D1 /* Model */ = {
			isa = PBXGroup;
			children = (
				B4D7348C2DFF3049007A4062 /* LatestRateModel.swift */,
			);
			path = Model;
			sourceTree = "<group>";
		};
		B4B5C5452DFDF7D70002D6D1 /* Network */ = {
			isa = PBXGroup;
			children = (
				B4E99A4F2E00120A00FE579B /* LatestRatesService.swift */,
				B4D734922DFF362A007A4062 /* NetworkService.swift */,
				B4D734902DFF34AB007A4062 /* HTTPMethod.swift */,
				B4D7348E2DFF3479007A4062 /* APIEndpoint.swift */,
				B4D7348A2DFF2ACF007A4062 /* AppConstant.swift */,
				B4AB7A4F2DFE037500CCD25A /* APIRequest.swift */,
				B4AB7A512DFE0D5300CCD25A /* APIClient.swift */,
			);
			path = Network;
			sourceTree = "<group>";
		};
		B4B5C5472DFDF7D70002D6D1 /* Persistance */ = {
			isa = PBXGroup;
			children = (
				B41E40EF2E00A88700B9225C /* CoreDataManager.swift */,
				B4B5C5462DFDF7D70002D6D1 /* Trooper_currency_converter.xcdatamodeld */,
			);
			path = Persistance;
			sourceTree = "<group>";
		};
		B4B5C54C2DFDF7D70002D6D1 /* Storyboards */ = {
			isa = PBXGroup;
			children = (
				B4E99A552E00527800FE579B /* StoryBoardManeger.swift */,
				B4B5C5492DFDF7D70002D6D1 /* LaunchScreen.storyboard */,
				B4B5C54B2DFDF7D70002D6D1 /* Main.storyboard */,
			);
			path = Storyboards;
			sourceTree = "<group>";
		};
		B4B5C54E2DFDF7D70002D6D1 /* View */ = {
			isa = PBXGroup;
			children = (
				B4B5C54D2DFDF7D70002D6D1 /* HomeViewController.swift */,
				B4E99A532E004A4000FE579B /* SelectionTableViewController.swift */,
			);
			path = View;
			sourceTree = "<group>";
		};
		B4B5C54F2DFDF7D70002D6D1 /* ViewModel */ = {
			isa = PBXGroup;
			children = (
				B4E99A512E0014CF00FE579B /* LatestRatesViewModel.swift */,
			);
			path = ViewModel;
			sourceTree = "<group>";
		};
		B4B5C5542DFDF7D70002D6D1 /* Trooper-currency-converter */ = {
			isa = PBXGroup;
			children = (
				B41E40F12E00BEB600B9225C /* Helpers */,
				B4B5C5442DFDF7D70002D6D1 /* Model */,
				B4B5C5452DFDF7D70002D6D1 /* Network */,
				B4B5C5472DFDF7D70002D6D1 /* Persistance */,
				B4B5C54C2DFDF7D70002D6D1 /* Storyboards */,
				B4B5C54E2DFDF7D70002D6D1 /* View */,
				B4B5C54F2DFDF7D70002D6D1 /* ViewModel */,
				B4B5C5502DFDF7D70002D6D1 /* AppDelegate.swift */,
				B4B5C5512DFDF7D70002D6D1 /* Assets.xcassets */,
				B4B5C5522DFDF7D70002D6D1 /* Info.plist */,
				B4B5C5532DFDF7D70002D6D1 /* SceneDelegate.swift */,
			);
			path = "Trooper-currency-converter";
			sourceTree = "<group>";
		};
		B4E96B232DFC9E40003F5FD7 = {
			isa = PBXGroup;
			children = (
				B4B5C5542DFDF7D70002D6D1 /* Trooper-currency-converter */,
				B4E96B2D2DFC9E40003F5FD7 /* Products */,
				C4A5431FFD354C55934726B5 /* Pods */,
				7D7531611FDFA2837A0622AC /* Frameworks */,
			);
			sourceTree = "<group>";
		};
		B4E96B2D2DFC9E40003F5FD7 /* Products */ = {
			isa = PBXGroup;
			children = (
				B4E96B2C2DFC9E40003F5FD7 /* Trooper-currency-converter.app */,
			);
			name = Products;
			sourceTree = "<group>";
		};
		C4A5431FFD354C55934726B5 /* Pods */ = {
			isa = PBXGroup;
			children = (
				5A773F441B0144BF4713FC1F /* Pods-Trooper-currency-converter.debug.xcconfig */,
				D39F551089A6DDB4FC1073FF /* Pods-Trooper-currency-converter.release.xcconfig */,
			);
			path = Pods;
			sourceTree = "<group>";
		};
/* End PBXGroup section */

/* Begin PBXNativeTarget section */
		B4E96B2B2DFC9E40003F5FD7 /* Trooper-currency-converter */ = {
			isa = PBXNativeTarget;
			buildConfigurationList = B4E96B422DFC9E42003F5FD7 /* Build configuration list for PBXNativeTarget "Trooper-currency-converter" */;
			buildPhases = (
				F4FBB196DC0073EB0D1C5EA2 /* [CP] Check Pods Manifest.lock */,
				B4E96B282DFC9E40003F5FD7 /* Sources */,
				B4E96B292DFC9E40003F5FD7 /* Frameworks */,
				B4E96B2A2DFC9E40003F5FD7 /* Resources */,
				18D1199E667F58BBD7028C1E /* [CP] Embed Pods Frameworks */,
			);
			buildRules = (
			);
			dependencies = (
			);
			name = "Trooper-currency-converter";
			productName = "Trooper-currency-converter";
			productReference = B4E96B2C2DFC9E40003F5FD7 /* Trooper-currency-converter.app */;
			productType = "com.apple.product-type.application";
		};
/* End PBXNativeTarget section */

/* Begin PBXProject section */
		B4E96B242DFC9E40003F5FD7 /* Project object */ = {
			isa = PBXProject;
			attributes = {
				BuildIndependentTargetsInParallel = 1;
				LastSwiftUpdateCheck = 1610;
				LastUpgradeCheck = 1610;
				TargetAttributes = {
					B4E96B2B2DFC9E40003F5FD7 = {
						CreatedOnToolsVersion = 16.1;
					};
				};
			};
			buildConfigurationList = B4E96B272DFC9E40003F5FD7 /* Build configuration list for PBXProject "Trooper-currency-converter" */;
			compatibilityVersion = "Xcode 15.3";
			developmentRegion = en;
			hasScannedForEncodings = 0;
			knownRegions = (
				en,
				Base,
			);
			mainGroup = B4E96B232DFC9E40003F5FD7;
			productRefGroup = B4E96B2D2DFC9E40003F5FD7 /* Products */;
			projectDirPath = "";
			projectRoot = "";
			targets = (
				B4E96B2B2DFC9E40003F5FD7 /* Trooper-currency-converter */,
			);
		};
/* End PBXProject section */

/* Begin PBXResourcesBuildPhase section */
		B4E96B2A2DFC9E40003F5FD7 /* Resources */ = {
			isa = PBXResourcesBuildPhase;
			buildActionMask = 2147483647;
			files = (
				B4B5C55A2DFDF7D70002D6D1 /* LaunchScreen.storyboard in Resources */,
				B4B5C55B2DFDF7D70002D6D1 /* Main.storyboard in Resources */,
				B4B5C55C2DFDF7D70002D6D1 /* Assets.xcassets in Resources */,
			);
			runOnlyForDeploymentPostprocessing = 0;
		};
/* End PBXResourcesBuildPhase section */

/* Begin PBXShellScriptBuildPhase section */
		18D1199E667F58BBD7028C1E /* [CP] Embed Pods Frameworks */ = {
			isa = PBXShellScriptBuildPhase;
			buildActionMask = 2147483647;
			files = (
			);
			inputFileListPaths = (
				"${PODS_ROOT}/Target Support Files/Pods-Trooper-currency-converter/Pods-Trooper-currency-converter-frameworks-${CONFIGURATION}-input-files.xcfilelist",
			);
			name = "[CP] Embed Pods Frameworks";
			outputFileListPaths = (
				"${PODS_ROOT}/Target Support Files/Pods-Trooper-currency-converter/Pods-Trooper-currency-converter-frameworks-${CONFIGURATION}-output-files.xcfilelist",
			);
			runOnlyForDeploymentPostprocessing = 0;
			shellPath = /bin/sh;
			shellScript = "\"${PODS_ROOT}/Target Support Files/Pods-Trooper-currency-converter/Pods-Trooper-currency-converter-frameworks.sh\"\n";
			showEnvVarsInLog = 0;
		};
		F4FBB196DC0073EB0D1C5EA2 /* [CP] Check Pods Manifest.lock */ = {
			isa = PBXShellScriptBuildPhase;
			buildActionMask = 2147483647;
			files = (
			);
			inputFileListPaths = (
			);
			inputPaths = (
				"${PODS_PODFILE_DIR_PATH}/Podfile.lock",
				"${PODS_ROOT}/Manifest.lock",
			);
			name = "[CP] Check Pods Manifest.lock";
			outputFileListPaths = (
			);
			outputPaths = (
				"$(DERIVED_FILE_DIR)/Pods-Trooper-currency-converter-checkManifestLockResult.txt",
			);
			runOnlyForDeploymentPostprocessing = 0;
			shellPath = /bin/sh;
			shellScript = "diff \"${PODS_PODFILE_DIR_PATH}/Podfile.lock\" \"${PODS_ROOT}/Manifest.lock\" > /dev/null\nif [ $? != 0 ] ; then\n    # print error to STDERR\n    echo \"error: The sandbox is not in sync with the Podfile.lock. Run 'pod install' or update your CocoaPods installation.\" >&2\n    exit 1\nfi\n# This output is used by Xcode 'outputs' to avoid re-running this script phase.\necho \"SUCCESS\" > \"${SCRIPT_OUTPUT_FILE_0}\"\n";
			showEnvVarsInLog = 0;
		};
/* End PBXShellScriptBuildPhase section */

/* Begin PBXSourcesBuildPhase section */
		B4E96B282DFC9E40003F5FD7 /* Sources */ = {
			isa = PBXSourcesBuildPhase;
			buildActionMask = 2147483647;
			files = (
				B4D734932DFF3635007A4062 /* NetworkService.swift in Sources */,
				B4B5C5562DFDF7D70002D6D1 /* Trooper_currency_converter.xcdatamodeld in Sources */,
				B4D7348F2DFF3485007A4062 /* APIEndpoint.swift in Sources */,
				B4B5C5572DFDF7D70002D6D1 /* HomeViewController.swift in Sources */,
				B4E99A502E00121D00FE579B /* LatestRatesService.swift in Sources */,
				B41E40F32E00BED500B9225C /* TextFiieldEx.swift in Sources */,
				B4D7348D2DFF305A007A4062 /* LatestRateModel.swift in Sources */,
				B4E99A542E004A4000FE579B /* SelectionTableViewController.swift in Sources */,
				B4E99A522E0014ED00FE579B /* LatestRatesViewModel.swift in Sources */,
				B4B5C5582DFDF7D70002D6D1 /* AppDelegate.swift in Sources */,
				B4AB7A502DFE037D00CCD25A /* APIRequest.swift in Sources */,
				B4E99A562E00528100FE579B /* StoryBoardManeger.swift in Sources */,
				B4B5C5592DFDF7D70002D6D1 /* SceneDelegate.swift in Sources */,
				B4D7348B2DFF2AFB007A4062 /* AppConstant.swift in Sources */,
				B4D734912DFF34B2007A4062 /* HTTPMethod.swift in Sources */,
				B41E40F02E00A89600B9225C /* CoreDataManager.swift in Sources */,
				B4AB7A522DFE0D5900CCD25A /* APIClient.swift in Sources */,
			);
			runOnlyForDeploymentPostprocessing = 0;
		};
/* End PBXSourcesBuildPhase section */

/* Begin PBXVariantGroup section */
		B4B5C5492DFDF7D70002D6D1 /* LaunchScreen.storyboard */ = {
			isa = PBXVariantGroup;
			children = (
				B4B5C5482DFDF7D70002D6D1 /* Base */,
			);
			name = LaunchScreen.storyboard;
			sourceTree = "<group>";
		};
		B4B5C54B2DFDF7D70002D6D1 /* Main.storyboard */ = {
			isa = PBXVariantGroup;
			children = (
				B4B5C54A2DFDF7D70002D6D1 /* Base */,
			);
			name = Main.storyboard;
			sourceTree = "<group>";
		};
/* End PBXVariantGroup section */

/* Begin XCBuildConfiguration section */
		B4E96B432DFC9E42003F5FD7 /* Debug */ = {
			isa = XCBuildConfiguration;
			baseConfigurationReference = 5A773F441B0144BF4713FC1F /* Pods-Trooper-currency-converter.debug.xcconfig */;
			buildSettings = {
				ASSETCATALOG_COMPILER_APPICON_NAME = AppIcon;
				ASSETCATALOG_COMPILER_GLOBAL_ACCENT_COLOR_NAME = AccentColor;
				CODE_SIGN_STYLE = Automatic;
				CURRENT_PROJECT_VERSION = 1;
				DEVELOPMENT_TEAM = TK39Y9C4Z7;
				GENERATE_INFOPLIST_FILE = YES;
				INFOPLIST_FILE = "Trooper-currency-converter/Info.plist";
				INFOPLIST_KEY_UIApplicationSupportsIndirectInputEvents = YES;
				INFOPLIST_KEY_UILaunchStoryboardName = LaunchScreen;
				INFOPLIST_KEY_UIMainStoryboardFile = Main;
				INFOPLIST_KEY_UISupportedInterfaceOrientations_iPad = "UIInterfaceOrientationPortrait UIInterfaceOrientationPortraitUpsideDown UIInterfaceOrientationLandscapeLeft UIInterfaceOrientationLandscapeRight";
				INFOPLIST_KEY_UISupportedInterfaceOrientations_iPhone = "UIInterfaceOrientationPortrait UIInterfaceOrientationLandscapeLeft UIInterfaceOrientationLandscapeRight";
				LD_RUNPATH_SEARCH_PATHS = (
					"$(inherited)",
					"@executable_path/Frameworks",
				);
				MARKETING_VERSION = 1.0;
				PRODUCT_BUNDLE_IDENTIFIER = "com.refatibnanwar.Trooper-currency-converter";
				PRODUCT_NAME = "$(TARGET_NAME)";
				SWIFT_EMIT_LOC_STRINGS = YES;
				SWIFT_VERSION = 5.0;
				TARGETED_DEVICE_FAMILY = "1,2";
			};
			name = Debug;
		};
		B4E96B442DFC9E42003F5FD7 /* Release */ = {
			isa = XCBuildConfiguration;
			baseConfigurationReference = D39F551089A6DDB4FC1073FF /* Pods-Trooper-currency-converter.release.xcconfig */;
			buildSettings = {
				ASSETCATALOG_COMPILER_APPICON_NAME = AppIcon;
				ASSETCATALOG_COMPILER_GLOBAL_ACCENT_COLOR_NAME = AccentColor;
				CODE_SIGN_STYLE = Automatic;
				CURRENT_PROJECT_VERSION = 1;
				DEVELOPMENT_TEAM = TK39Y9C4Z7;
				GENERATE_INFOPLIST_FILE = YES;
				INFOPLIST_FILE = "Trooper-currency-converter/Info.plist";
				INFOPLIST_KEY_UIApplicationSupportsIndirectInputEvents = YES;
				INFOPLIST_KEY_UILaunchStoryboardName = LaunchScreen;
				INFOPLIST_KEY_UIMainStoryboardFile = Main;
				INFOPLIST_KEY_UISupportedInterfaceOrientations_iPad = "UIInterfaceOrientationPortrait UIInterfaceOrientationPortraitUpsideDown UIInterfaceOrientationLandscapeLeft UIInterfaceOrientationLandscapeRight";
				INFOPLIST_KEY_UISupportedInterfaceOrientations_iPhone = "UIInterfaceOrientationPortrait UIInterfaceOrientationLandscapeLeft UIInterfaceOrientationLandscapeRight";
				LD_RUNPATH_SEARCH_PATHS = (
					"$(inherited)",
					"@executable_path/Frameworks",
				);
				MARKETING_VERSION = 1.0;
				PRODUCT_BUNDLE_IDENTIFIER = "com.refatibnanwar.Trooper-currency-converter";
				PRODUCT_NAME = "$(TARGET_NAME)";
				SWIFT_EMIT_LOC_STRINGS = YES;
				SWIFT_VERSION = 5.0;
				TARGETED_DEVICE_FAMILY = "1,2";
			};
			name = Release;
		};
		B4E96B452DFC9E42003F5FD7 /* Debug */ = {
			isa = XCBuildConfiguration;
			buildSettings = {
				ALWAYS_SEARCH_USER_PATHS = NO;
				ASSETCATALOG_COMPILER_GENERATE_SWIFT_ASSET_SYMBOL_EXTENSIONS = YES;
				CLANG_ANALYZER_NONNULL = YES;
				CLANG_ANALYZER_NUMBER_OBJECT_CONVERSION = YES_AGGRESSIVE;
				CLANG_CXX_LANGUAGE_STANDARD = "gnu++20";
				CLANG_ENABLE_MODULES = YES;
				CLANG_ENABLE_OBJC_ARC = YES;
				CLANG_ENABLE_OBJC_WEAK = YES;
				CLANG_WARN_BLOCK_CAPTURE_AUTORELEASING = YES;
				CLANG_WARN_BOOL_CONVERSION = YES;
				CLANG_WARN_COMMA = YES;
				CLANG_WARN_CONSTANT_CONVERSION = YES;
				CLANG_WARN_DEPRECATED_OBJC_IMPLEMENTATIONS = YES;
				CLANG_WARN_DIRECT_OBJC_ISA_USAGE = YES_ERROR;
				CLANG_WARN_DOCUMENTATION_COMMENTS = YES;
				CLANG_WARN_EMPTY_BODY = YES;
				CLANG_WARN_ENUM_CONVERSION = YES;
				CLANG_WARN_INFINITE_RECURSION = YES;
				CLANG_WARN_INT_CONVERSION = YES;
				CLANG_WARN_NON_LITERAL_NULL_CONVERSION = YES;
				CLANG_WARN_OBJC_IMPLICIT_RETAIN_SELF = YES;
				CLANG_WARN_OBJC_LITERAL_CONVERSION = YES;
				CLANG_WARN_OBJC_ROOT_CLASS = YES_ERROR;
				CLANG_WARN_QUOTED_INCLUDE_IN_FRAMEWORK_HEADER = YES;
				CLANG_WARN_RANGE_LOOP_ANALYSIS = YES;
				CLANG_WARN_STRICT_PROTOTYPES = YES;
				CLANG_WARN_SUSPICIOUS_MOVE = YES;
				CLANG_WARN_UNGUARDED_AVAILABILITY = YES_AGGRESSIVE;
				CLANG_WARN_UNREACHABLE_CODE = YES;
				CLANG_WARN__DUPLICATE_METHOD_MATCH = YES;
				COPY_PHASE_STRIP = NO;
				DEBUG_INFORMATION_FORMAT = dwarf;
				ENABLE_STRICT_OBJC_MSGSEND = YES;
				ENABLE_TESTABILITY = YES;
				ENABLE_USER_SCRIPT_SANDBOXING = NO;
				GCC_C_LANGUAGE_STANDARD = gnu17;
				GCC_DYNAMIC_NO_PIC = NO;
				GCC_NO_COMMON_BLOCKS = YES;
				GCC_OPTIMIZATION_LEVEL = 0;
				GCC_PREPROCESSOR_DEFINITIONS = (
					"DEBUG=1",
					"$(inherited)",
				);
				GCC_WARN_64_TO_32_BIT_CONVERSION = YES;
				GCC_WARN_ABOUT_RETURN_TYPE = YES_ERROR;
				GCC_WARN_UNDECLARED_SELECTOR = YES;
				GCC_WARN_UNINITIALIZED_AUTOS = YES_AGGRESSIVE;
				GCC_WARN_UNUSED_FUNCTION = YES;
				GCC_WARN_UNUSED_VARIABLE = YES;
				IPHONEOS_DEPLOYMENT_TARGET = 18.1;
				LOCALIZATION_PREFERS_STRING_CATALOGS = YES;
				MTL_ENABLE_DEBUG_INFO = INCLUDE_SOURCE;
				MTL_FAST_MATH = YES;
				ONLY_ACTIVE_ARCH = YES;
				SDKROOT = iphoneos;
				SWIFT_ACTIVE_COMPILATION_CONDITIONS = "DEBUG $(inherited)";
				SWIFT_OPTIMIZATION_LEVEL = "-Onone";
			};
			name = Debug;
		};
		B4E96B462DFC9E42003F5FD7 /* Release */ = {
			isa = XCBuildConfiguration;
			buildSettings = {
				ALWAYS_SEARCH_USER_PATHS = NO;
				ASSETCATALOG_COMPILER_GENERATE_SWIFT_ASSET_SYMBOL_EXTENSIONS = YES;
				CLANG_ANALYZER_NONNULL = YES;
				CLANG_ANALYZER_NUMBER_OBJECT_CONVERSION = YES_AGGRESSIVE;
				CLANG_CXX_LANGUAGE_STANDARD = "gnu++20";
				CLANG_ENABLE_MODULES = YES;
				CLANG_ENABLE_OBJC_ARC = YES;
				CLANG_ENABLE_OBJC_WEAK = YES;
				CLANG_WARN_BLOCK_CAPTURE_AUTORELEASING = YES;
				CLANG_WARN_BOOL_CONVERSION = YES;
				CLANG_WARN_COMMA = YES;
				CLANG_WARN_CONSTANT_CONVERSION = YES;
				CLANG_WARN_DEPRECATED_OBJC_IMPLEMENTATIONS = YES;
				CLANG_WARN_DIRECT_OBJC_ISA_USAGE = YES_ERROR;
				CLANG_WARN_DOCUMENTATION_COMMENTS = YES;
				CLANG_WARN_EMPTY_BODY = YES;
				CLANG_WARN_ENUM_CONVERSION = YES;
				CLANG_WARN_INFINITE_RECURSION = YES;
				CLANG_WARN_INT_CONVERSION = YES;
				CLANG_WARN_NON_LITERAL_NULL_CONVERSION = YES;
				CLANG_WARN_OBJC_IMPLICIT_RETAIN_SELF = YES;
				CLANG_WARN_OBJC_LITERAL_CONVERSION = YES;
				CLANG_WARN_OBJC_ROOT_CLASS = YES_ERROR;
				CLANG_WARN_QUOTED_INCLUDE_IN_FRAMEWORK_HEADER = YES;
				CLANG_WARN_RANGE_LOOP_ANALYSIS = YES;
				CLANG_WARN_STRICT_PROTOTYPES = YES;
				CLANG_WARN_SUSPICIOUS_MOVE = YES;
				CLANG_WARN_UNGUARDED_AVAILABILITY = YES_AGGRESSIVE;
				CLANG_WARN_UNREACHABLE_CODE = YES;
				CLANG_WARN__DUPLICATE_METHOD_MATCH = YES;
				COPY_PHASE_STRIP = NO;
				DEBUG_INFORMATION_FORMAT = "dwarf-with-dsym";
				ENABLE_NS_ASSERTIONS = NO;
				ENABLE_STRICT_OBJC_MSGSEND = YES;
				ENABLE_USER_SCRIPT_SANDBOXING = NO;
				GCC_C_LANGUAGE_STANDARD = gnu17;
				GCC_NO_COMMON_BLOCKS = YES;
				GCC_WARN_64_TO_32_BIT_CONVERSION = YES;
				GCC_WARN_ABOUT_RETURN_TYPE = YES_ERROR;
				GCC_WARN_UNDECLARED_SELECTOR = YES;
				GCC_WARN_UNINITIALIZED_AUTOS = YES_AGGRESSIVE;
				GCC_WARN_UNUSED_FUNCTION = YES;
				GCC_WARN_UNUSED_VARIABLE = YES;
				IPHONEOS_DEPLOYMENT_TARGET = 18.1;
				LOCALIZATION_PREFERS_STRING_CATALOGS = YES;
				MTL_ENABLE_DEBUG_INFO = NO;
				MTL_FAST_MATH = YES;
				SDKROOT = iphoneos;
				SWIFT_COMPILATION_MODE = wholemodule;
				VALIDATE_PRODUCT = YES;
			};
			name = Release;
		};
/* End XCBuildConfiguration section */

/* Begin XCConfigurationList section */
		B4E96B272DFC9E40003F5FD7 /* Build configuration list for PBXProject "Trooper-currency-converter" */ = {
			isa = XCConfigurationList;
			buildConfigurations = (
				B4E96B452DFC9E42003F5FD7 /* Debug */,
				B4E96B462DFC9E42003F5FD7 /* Release */,
			);
			defaultConfigurationIsVisible = 0;
			defaultConfigurationName = Release;
		};
		B4E96B422DFC9E42003F5FD7 /* Build configuration list for PBXNativeTarget "Trooper-currency-converter" */ = {
			isa = XCConfigurationList;
			buildConfigurations = (
				B4E96B432DFC9E42003F5FD7 /* Debug */,
				B4E96B442DFC9E42003F5FD7 /* Release */,
			);
			defaultConfigurationIsVisible = 0;
			defaultConfigurationName = Release;
		};
/* End XCConfigurationList section */

/* Begin XCVersionGroup section */
		B4B5C5462DFDF7D70002D6D1 /* Trooper_currency_converter.xcdatamodeld */ = {
			isa = XCVersionGroup;
			children = (
				B4B5C5552DFDF7D70002D6D1 /* Trooper_currency_converter.xcdatamodel */,
			);
			currentVersion = B4B5C5552DFDF7D70002D6D1 /* Trooper_currency_converter.xcdatamodel */;
			path = Trooper_currency_converter.xcdatamodeld;
			sourceTree = "<group>";
			versionGroupType = wrapper.xcdatamodel;
		};
/* End XCVersionGroup section */
	};
	rootObject = B4E96B242DFC9E40003F5FD7 /* Project object */;
}
