PODS:
  - ReachabilitySwift (5.2.4)
  - RxCocoa (6.9.0):
    - RxRelay (= 6.9.0)
    - RxSwift (= 6.9.0)
  - RxRelay (6.9.0):
    - RxSwift (= 6.9.0)
  - RxSwift (6.9.0)

DEPENDENCIES:
  - ReachabilitySwift
  - RxCocoa (= 6.9.0)
  - RxSwift (= 6.9.0)

SPEC REPOS:
  trunk:
    - ReachabilitySwift
    - RxCocoa
    - RxRelay
    - RxSwift

SPEC CHECKSUMS:
  ReachabilitySwift: 32793e867593cfc1177f5d16491e3a197d2fccda
  RxCocoa: ac16414696ae706516be3e1ab00fcce5bdc9be8a
  RxRelay: 6b0c930e5cef57d5fe2032571e5e65b78e3cbdb1
  RxSwift: 31649ace6aceeb422e16ff71c60804f9c3281ed9

PODFILE CHECKSUM: 510c7c5376fb249b591a18ae7248b56a36f03746

COCOAPODS: 1.15.2
